
Microsoft Visual Studio Solution File, Format Version 12.00
# Visual Studio Version 17
VisualStudioVersion = 17.0.32112.339
MinimumVisualStudioVersion = 10.0.40219.1
Project("{9A19103F-16F7-4668-BE54-9A1E7A4F7556}") = "WebCbt-Backend", "WebCbt-Backend\WebCbt-Backend.csproj", "{3AB6508E-E25B-426A-B45D-1855F7C638F0}"
EndProject
Project("{9A19103F-16F7-4668-BE54-9A1E7A4F7556}") = "UnitTests", "UnitTests\UnitTests.csproj", "{307C9505-FA72-4A98-A46E-082975E9D809}"
EndProject
Project("{00D1A9C2-B5F0-4AF3-8072-F6C62B433612}") = "WebCbt-Database", "WebCbt-Database\WebCbt-Database.sqlproj", "{EDA8F0E7-59B7-448E-AE0D-D511B3976D4E}"
EndProject
Global
	GlobalSection(SolutionConfigurationPlatforms) = preSolution
		Debug|Any CPU = Debug|Any CPU
		Release|Any CPU = Release|Any CPU
	EndGlobalSection
	GlobalSection(ProjectConfigurationPlatforms) = postSolution
		{3AB6508E-E25B-426A-B45D-1855F7C638F0}.Debug|Any CPU.ActiveCfg = Debug|Any CPU
		{3AB6508E-E25B-426A-B45D-1855F7C638F0}.Debug|Any CPU.Build.0 = Debug|Any CPU
		{3AB6508E-E25B-426A-B45D-1855F7C638F0}.Release|Any CPU.ActiveCfg = Release|Any CPU
		{3AB6508E-E25B-426A-B45D-1855F7C638F0}.Release|Any CPU.Build.0 = Release|Any CPU
		{307C9505-FA72-4A98-A46E-082975E9D809}.Debug|Any CPU.ActiveCfg = Debug|Any CPU
		{307C9505-FA72-4A98-A46E-082975E9D809}.Debug|Any CPU.Build.0 = Debug|Any CPU
		{307C9505-FA72-4A98-A46E-082975E9D809}.Release|Any CPU.ActiveCfg = Release|Any CPU
		{307C9505-FA72-4A98-A46E-082975E9D809}.Release|Any CPU.Build.0 = Release|Any CPU
		{EDA8F0E7-59B7-448E-AE0D-D511B3976D4E}.Debug|Any CPU.ActiveCfg = Debug|Any CPU
		{EDA8F0E7-59B7-448E-AE0D-D511B3976D4E}.Debug|Any CPU.Build.0 = Debug|Any CPU
		{EDA8F0E7-59B7-448E-AE0D-D511B3976D4E}.Debug|Any CPU.Deploy.0 = Debug|Any CPU
		{EDA8F0E7-59B7-448E-AE0D-D511B3976D4E}.Release|Any CPU.ActiveCfg = Release|Any CPU
		{EDA8F0E7-59B7-448E-AE0D-D511B3976D4E}.Release|Any CPU.Build.0 = Release|Any CPU
		{EDA8F0E7-59B7-448E-AE0D-D511B3976D4E}.Release|Any CPU.Deploy.0 = Release|Any CPU
	EndGlobalSection
	GlobalSection(SolutionProperties) = preSolution
		HideSolutionNode = FALSE
	EndGlobalSection
	GlobalSection(ExtensibilityGlobals) = postSolution
		SolutionGuid = {5971BFA2-35FE-4ECB-8F59-27B6AE77DC57}
	EndGlobalSection
EndGlobal
